{
  "lockfileVersion": 0,
  "workspaces": {
    "": {
      "name": "bunvan-root",
      "devDependencies": {
        "@types/bun": "latest",
        "oxc-transform": "^0.46.0",
      },
    },
    "packages/binhvan": {
      "name": "binhvan",
      "version": "0.0.0",
      "devDependencies": {
        "@types/bun": "*",
        "oxc-transform": "*",
      },
      "peerDependencies": {
        "mini-van-plate": "^0.6.1",
      },
    },
    "packages/www": {
      "name": "binhvan-www",
      "dependencies": {
        "binhvan": "packages/binhvan",
        "mini-van-plate": "^0.6.1",
      },
      "devDependencies": {
        "@types/bun": "*",
      },
    },
  },
  "packages": {
    "@oxc-transform/binding-darwin-arm64": ["@oxc-transform/binding-darwin-arm64@0.46.0", "", { "os": "darwin", "cpu": "arm64" }, "sha512-znAzwhkpUYhdqdPqIJNX43cvjigvl9IHllYlLYb9TQQk33+zQfhRI1Rh7hnpHuL4qG8vRo3A5JkgRS0Cf65QXQ=="],

    "@oxc-transform/binding-darwin-x64": ["@oxc-transform/binding-darwin-x64@0.46.0", "", { "os": "darwin", "cpu": "x64" }, "sha512-8cgIMoKnpa7AmV+Ggk9ka34PCNTldT8PZhVZqvJnwL1x02KrmJ6oLF1fRpBPZkAwwwoFP1WICEp2vXdn8EMMTQ=="],

    "@oxc-transform/binding-linux-arm64-gnu": ["@oxc-transform/binding-linux-arm64-gnu@0.46.0", "", { "os": "linux", "cpu": "arm64" }, "sha512-+qjSoFtemGX9ZUBOKFMUhxeSBk3SLO+ApTyBnQC7f2PS2r9D7nuiTFHAY3QTwh1OTOGdBGkk+sd51CGrfI/e7Q=="],

    "@oxc-transform/binding-linux-arm64-musl": ["@oxc-transform/binding-linux-arm64-musl@0.46.0", "", { "os": "linux", "cpu": "arm64" }, "sha512-wsZ4M3jeSotpS4olQzQ/YdMoJm67JK1EckGdVBlxsiUe68qNhpdTQvQMvFvEgfiASDEn8x4kqgSePCTmjeOg0g=="],

    "@oxc-transform/binding-linux-x64-gnu": ["@oxc-transform/binding-linux-x64-gnu@0.46.0", "", { "os": "linux", "cpu": "x64" }, "sha512-oOVVi8An+zvcOLhO3+buLeljpE5fb0R1Zi8DlQW92SI4rxFhSTYNY13z9NvDJtWIC0uRpSmLe666/UZsT8fiDw=="],

    "@oxc-transform/binding-linux-x64-musl": ["@oxc-transform/binding-linux-x64-musl@0.46.0", "", { "os": "linux", "cpu": "x64" }, "sha512-vC9EUZNVIked1QXuNAUrDg01GhNcG7MvNzpqVXjDJLmH436G2pblKrz5PUNa6DGwt707XPm31G1uxMkPDIX5Cg=="],

    "@oxc-transform/binding-win32-arm64-msvc": ["@oxc-transform/binding-win32-arm64-msvc@0.46.0", "", { "os": "win32", "cpu": "arm64" }, "sha512-C2F/6LQed35yuH5KpV/XIVZoka5XhgdPuezlOi7ortTr7zXS1O0yyQDwS8KAwfEtloK6U9sf0Eusv2nRze1h4Q=="],

    "@oxc-transform/binding-win32-x64-msvc": ["@oxc-transform/binding-win32-x64-msvc@0.46.0", "", { "os": "win32", "cpu": "x64" }, "sha512-qcFJarJ09fq2xhSJlrYh9v0bLdrG7Hw0//uAuwPPuAoggKyYA8U1K8L4rET4cs261fM4BqqxbecHTKHxl0FzLw=="],

    "@types/bun": ["@types/bun@1.1.16", "", { "dependencies": { "bun-types": "1.1.43" } }, "sha512-E+ue6NMcn4FXC5bDRE1W/BXUVs01h5Mt02qH8/8HGCox9akuh8KNOFdwvaQS9TDgT2RmUyJYFRRqA60WtTnm2g=="],

    "@types/node": ["@types/node@20.12.14", "", { "dependencies": { "undici-types": "~5.26.4" } }, "sha512-scnD59RpYD91xngrQQLGkE+6UrHUPzeKZWhhjBSa3HSkwjbQc38+q3RoIVEwxQGRw3M+j5hpNAM+lgV3cVormg=="],

    "@types/ws": ["@types/ws@8.5.13", "", { "dependencies": { "@types/node": "*" } }, "sha512-osM/gWBTPKgHV8XkTunnegTRIsvF6owmf5w+JtAfOw472dptdm0dlGv4xCt6GwQRcC2XVOvvRE/0bAoQcL2QkA=="],

    "binhvan": ["binhvan@workspace:packages/binhvan", { "devDependencies": { "@types/bun": "*", "oxc-transform": "*" }, "peerDependencies": { "mini-van-plate": "^0.6.1" } }],

    "binhvan-www": ["binhvan-www@workspace:packages/www", { "dependencies": { "binhvan": "packages/binhvan", "mini-van-plate": "^0.6.1" }, "devDependencies": { "@types/bun": "*" } }],

    "bun-types": ["bun-types@1.1.43", "", { "dependencies": { "@types/node": "~20.12.8", "@types/ws": "~8.5.10" } }, "sha512-W0wCtVH+bwFp7p3Zgs03CqxEDmXxEvmmUM/FBKgWIv9T8gyeotvIjIbHzuDScc2DphhRNtr7hJLCR5PspYL5qw=="],

    "mini-van-plate": ["mini-van-plate@0.6.1", "", {}, "sha512-i4kCD5xzkdtQiVnBSN4xFHru6QGPPWJALAm4IB0IRPawIHUK5J/Zv2bx94Nev1YABKN1zJgwxqvuSygoltrQIg=="],

    "oxc-transform": ["oxc-transform@0.46.0", "", { "optionalDependencies": { "@oxc-transform/binding-darwin-arm64": "0.46.0", "@oxc-transform/binding-darwin-x64": "0.46.0", "@oxc-transform/binding-linux-arm64-gnu": "0.46.0", "@oxc-transform/binding-linux-arm64-musl": "0.46.0", "@oxc-transform/binding-linux-x64-gnu": "0.46.0", "@oxc-transform/binding-linux-x64-musl": "0.46.0", "@oxc-transform/binding-win32-arm64-msvc": "0.46.0", "@oxc-transform/binding-win32-x64-msvc": "0.46.0" } }, "sha512-aK0+25Myo9ohyPbAne49oNmwYkJ6/4rwpHA9k5HIb8UEUlSFFY7LaoYZ3/BNGspbHAKfv34Lu8rMH3GYmFJWpQ=="],

    "undici-types": ["undici-types@5.26.5", "", {}, "sha512-JlCMO+ehdEIKqlFxk6IfVoAUVmgz7cU7zD/h9XZ0qzeosSHmUJVOzSQvvYSYWXkFXC+IfLKSIffhv0sVZup6pA=="],
  }
}
